// !$*UTF8*$!
{
	archiveVersion = 1;
	classes = {
	};
	objectVersion = 50;
	objects = {

/* Begin PBXBuildFile section */
		425A5C3D219AE2D00071D094 /* EventListViewController.swift in Sources */ = {isa = PBXBuildFile; fileRef = 425A5C3B219AE2D00071D094 /* EventListViewController.swift */; };
		425A5C3E219AE2D00071D094 /* EventListViewController.xib in Resources */ = {isa = PBXBuildFile; fileRef = 425A5C3C219AE2D00071D094 /* EventListViewController.xib */; };
		425A5C43219AE33F0071D094 /* EventListViewModel.swift in Sources */ = {isa = PBXBuildFile; fileRef = 425A5C42219AE33F0071D094 /* EventListViewModel.swift */; };
		425A5C46219AE68B0071D094 /* Result.swift in Sources */ = {isa = PBXBuildFile; fileRef = 425A5C45219AE68B0071D094 /* Result.swift */; };
		425A5C49219AE7030071D094 /* Reusable.swift in Sources */ = {isa = PBXBuildFile; fileRef = 425A5C48219AE7030071D094 /* Reusable.swift */; };
		425A5C4B219AE72B0071D094 /* UITableView.swift in Sources */ = {isa = PBXBuildFile; fileRef = 425A5C4A219AE72B0071D094 /* UITableView.swift */; };
		425A5C4E219AE9320071D094 /* EventCellViewModel.swift in Sources */ = {isa = PBXBuildFile; fileRef = 425A5C4D219AE9320071D094 /* EventCellViewModel.swift */; };
		425A5C51219AE9AF0071D094 /* EventTableViewCell.swift in Sources */ = {isa = PBXBuildFile; fileRef = 425A5C4F219AE9AF0071D094 /* EventTableViewCell.swift */; };
		425A5C52219AE9AF0071D094 /* EventTableViewCell.xib in Resources */ = {isa = PBXBuildFile; fileRef = 425A5C50219AE9AF0071D094 /* EventTableViewCell.xib */; };
		425A5C55219B09360071D094 /* EventDetailViewController.swift in Sources */ = {isa = PBXBuildFile; fileRef = 425A5C53219B09360071D094 /* EventDetailViewController.swift */; };
		425A5C56219B09360071D094 /* EventDetailViewController.xib in Resources */ = {isa = PBXBuildFile; fileRef = 425A5C54219B09360071D094 /* EventDetailViewController.xib */; };
		425A5C58219B0D930071D094 /* EventDetailViewModel.swift in Sources */ = {isa = PBXBuildFile; fileRef = 425A5C57219B0D930071D094 /* EventDetailViewModel.swift */; };
		42D71E62219A190A00228E7F /* APIService.swift in Sources */ = {isa = PBXBuildFile; fileRef = 42D71E61219A190A00228E7F /* APIService.swift */; };
		42D71E64219A1F8A00228E7F /* Event.swift in Sources */ = {isa = PBXBuildFile; fileRef = 42D71E63219A1F8A00228E7F /* Event.swift */; };
		42D9AE33219A0F0700BC3946 /* AppDelegate.swift in Sources */ = {isa = PBXBuildFile; fileRef = 42D9AE32219A0F0700BC3946 /* AppDelegate.swift */; };
		42D9AE3A219A0F0800BC3946 /* Assets.xcassets in Resources */ = {isa = PBXBuildFile; fileRef = 42D9AE39219A0F0800BC3946 /* Assets.xcassets */; };
		42D9AE3D219A0F0800BC3946 /* LaunchScreen.storyboard in Resources */ = {isa = PBXBuildFile; fileRef = 42D9AE3B219A0F0800BC3946 /* LaunchScreen.storyboard */; };
		42D9AE48219A0F0800BC3946 /* DesafioListaDeEventosTests.swift in Sources */ = {isa = PBXBuildFile; fileRef = 42D9AE47219A0F0800BC3946 /* DesafioListaDeEventosTests.swift */; };
		42D9AE53219A0F0800BC3946 /* DesafioListaDeEventosUITests.swift in Sources */ = {isa = PBXBuildFile; fileRef = 42D9AE52219A0F0800BC3946 /* DesafioListaDeEventosUITests.swift */; };
		5A63074708CDA2316EA9A599 /* Pods_DesafioListaDeEventosTests.framework in Frameworks */ = {isa = PBXBuildFile; fileRef = 88DD9978D7A5A429561C1BE4 /* Pods_DesafioListaDeEventosTests.framework */; };
		B43D37641D42769F528E1956 /* Pods_DesafioListaDeEventosUITests.framework in Frameworks */ = {isa = PBXBuildFile; fileRef = 7F8B10326BF54838EEFD9763 /* Pods_DesafioListaDeEventosUITests.framework */; };
		F759F682B82D6E3ABA5FC7B5 /* Pods_DesafioListaDeEventos.framework in Frameworks */ = {isa = PBXBuildFile; fileRef = 20BDEFC0395B772E81F85163 /* Pods_DesafioListaDeEventos.framework */; };
/* End PBXBuildFile section */

/* Begin PBXContainerItemProxy section */
		42D9AE44219A0F0800BC3946 /* PBXContainerItemProxy */ = {
			isa = PBXContainerItemProxy;
			containerPortal = 42D9AE27219A0F0700BC3946 /* Project object */;
			proxyType = 1;
			remoteGlobalIDString = 42D9AE2E219A0F0700BC3946;
			remoteInfo = DesafioListaDeEventos;
		};
		42D9AE4F219A0F0800BC3946 /* PBXContainerItemProxy */ = {
			isa = PBXContainerItemProxy;
			containerPortal = 42D9AE27219A0F0700BC3946 /* Project object */;
			proxyType = 1;
			remoteGlobalIDString = 42D9AE2E219A0F0700BC3946;
			remoteInfo = DesafioListaDeEventos;
		};
/* End PBXContainerItemProxy section */

/* Begin PBXFileReference section */
		20BDEFC0395B772E81F85163 /* Pods_DesafioListaDeEventos.framework */ = {isa = PBXFileReference; explicitFileType = wrapper.framework; includeInIndex = 0; path = Pods_DesafioListaDeEventos.framework; sourceTree = BUILT_PRODUCTS_DIR; };
		3C31D238DF16AB5E64D8B4C7 /* Pods-DesafioListaDeEventosTests.debug.xcconfig */ = {isa = PBXFileReference; includeInIndex = 1; lastKnownFileType = text.xcconfig; name = "Pods-DesafioListaDeEventosTests.debug.xcconfig"; path = "Pods/Target Support Files/Pods-DesafioListaDeEventosTests/Pods-DesafioListaDeEventosTests.debug.xcconfig"; sourceTree = "<group>"; };
		425A5C3B219AE2D00071D094 /* EventListViewController.swift */ = {isa = PBXFileReference; lastKnownFileType = sourcecode.swift; path = EventListViewController.swift; sourceTree = "<group>"; };
		425A5C3C219AE2D00071D094 /* EventListViewController.xib */ = {isa = PBXFileReference; lastKnownFileType = file.xib; path = EventListViewController.xib; sourceTree = "<group>"; };
		425A5C42219AE33F0071D094 /* EventListViewModel.swift */ = {isa = PBXFileReference; lastKnownFileType = sourcecode.swift; path = EventListViewModel.swift; sourceTree = "<group>"; };
		425A5C45219AE68B0071D094 /* Result.swift */ = {isa = PBXFileReference; lastKnownFileType = sourcecode.swift; path = Result.swift; sourceTree = "<group>"; };
		425A5C48219AE7030071D094 /* Reusable.swift */ = {isa = PBXFileReference; lastKnownFileType = sourcecode.swift; path = Reusable.swift; sourceTree = "<group>"; };
		425A5C4A219AE72B0071D094 /* UITableView.swift */ = {isa = PBXFileReference; lastKnownFileType = sourcecode.swift; path = UITableView.swift; sourceTree = "<group>"; };
		425A5C4D219AE9320071D094 /* EventCellViewModel.swift */ = {isa = PBXFileReference; lastKnownFileType = sourcecode.swift; path = EventCellViewModel.swift; sourceTree = "<group>"; };
		425A5C4F219AE9AF0071D094 /* EventTableViewCell.swift */ = {isa = PBXFileReference; lastKnownFileType = sourcecode.swift; path = EventTableViewCell.swift; sourceTree = "<group>"; };
		425A5C50219AE9AF0071D094 /* EventTableViewCell.xib */ = {isa = PBXFileReference; lastKnownFileType = file.xib; path = EventTableViewCell.xib; sourceTree = "<group>"; };
		425A5C53219B09360071D094 /* EventDetailViewController.swift */ = {isa = PBXFileReference; lastKnownFileType = sourcecode.swift; path = EventDetailViewController.swift; sourceTree = "<group>"; };
		425A5C54219B09360071D094 /* EventDetailViewController.xib */ = {isa = PBXFileReference; lastKnownFileType = file.xib; path = EventDetailViewController.xib; sourceTree = "<group>"; };
		425A5C57219B0D930071D094 /* EventDetailViewModel.swift */ = {isa = PBXFileReference; lastKnownFileType = sourcecode.swift; path = EventDetailViewModel.swift; sourceTree = "<group>"; };
		42D71E61219A190A00228E7F /* APIService.swift */ = {isa = PBXFileReference; lastKnownFileType = sourcecode.swift; path = APIService.swift; sourceTree = "<group>"; };
		42D71E63219A1F8A00228E7F /* Event.swift */ = {isa = PBXFileReference; lastKnownFileType = sourcecode.swift; path = Event.swift; sourceTree = "<group>"; };
		42D9AE2F219A0F0700BC3946 /* DesafioListaDeEventos.app */ = {isa = PBXFileReference; explicitFileType = wrapper.application; includeInIndex = 0; path = DesafioListaDeEventos.app; sourceTree = BUILT_PRODUCTS_DIR; };
		42D9AE32219A0F0700BC3946 /* AppDelegate.swift */ = {isa = PBXFileReference; lastKnownFileType = sourcecode.swift; path = AppDelegate.swift; sourceTree = "<group>"; };
		42D9AE39219A0F0800BC3946 /* Assets.xcassets */ = {isa = PBXFileReference; lastKnownFileType = folder.assetcatalog; path = Assets.xcassets; sourceTree = "<group>"; };
		42D9AE3C219A0F0800BC3946 /* Base */ = {isa = PBXFileReference; lastKnownFileType = file.storyboard; name = Base; path = Base.lproj/LaunchScreen.storyboard; sourceTree = "<group>"; };
		42D9AE3E219A0F0800BC3946 /* Info.plist */ = {isa = PBXFileReference; lastKnownFileType = text.plist.xml; path = Info.plist; sourceTree = "<group>"; };
		42D9AE43219A0F0800BC3946 /* DesafioListaDeEventosTests.xctest */ = {isa = PBXFileReference; explicitFileType = wrapper.cfbundle; includeInIndex = 0; path = DesafioListaDeEventosTests.xctest; sourceTree = BUILT_PRODUCTS_DIR; };
		42D9AE47219A0F0800BC3946 /* DesafioListaDeEventosTests.swift */ = {isa = PBXFileReference; lastKnownFileType = sourcecode.swift; path = DesafioListaDeEventosTests.swift; sourceTree = "<group>"; };
		42D9AE49219A0F0800BC3946 /* Info.plist */ = {isa = PBXFileReference; lastKnownFileType = text.plist.xml; path = Info.plist; sourceTree = "<group>"; };
		42D9AE4E219A0F0800BC3946 /* DesafioListaDeEventosUITests.xctest */ = {isa = PBXFileReference; explicitFileType = wrapper.cfbundle; includeInIndex = 0; path = DesafioListaDeEventosUITests.xctest; sourceTree = BUILT_PRODUCTS_DIR; };
		42D9AE52219A0F0800BC3946 /* DesafioListaDeEventosUITests.swift */ = {isa = PBXFileReference; lastKnownFileType = sourcecode.swift; path = DesafioListaDeEventosUITests.swift; sourceTree = "<group>"; };
		42D9AE54219A0F0800BC3946 /* Info.plist */ = {isa = PBXFileReference; lastKnownFileType = text.plist.xml; path = Info.plist; sourceTree = "<group>"; };
		63566CE15E2D6D151CE798FB /* Pods-DesafioListaDeEventosTests.release.xcconfig */ = {isa = PBXFileReference; includeInIndex = 1; lastKnownFileType = text.xcconfig; name = "Pods-DesafioListaDeEventosTests.release.xcconfig"; path = "Pods/Target Support Files/Pods-DesafioListaDeEventosTests/Pods-DesafioListaDeEventosTests.release.xcconfig"; sourceTree = "<group>"; };
		65879CD18D1694884FB76905 /* Pods-DesafioListaDeEventos.debug.xcconfig */ = {isa = PBXFileReference; includeInIndex = 1; lastKnownFileType = text.xcconfig; name = "Pods-DesafioListaDeEventos.debug.xcconfig"; path = "Pods/Target Support Files/Pods-DesafioListaDeEventos/Pods-DesafioListaDeEventos.debug.xcconfig"; sourceTree = "<group>"; };
		7F8B10326BF54838EEFD9763 /* Pods_DesafioListaDeEventosUITests.framework */ = {isa = PBXFileReference; explicitFileType = wrapper.framework; includeInIndex = 0; path = Pods_DesafioListaDeEventosUITests.framework; sourceTree = BUILT_PRODUCTS_DIR; };
		88DD9978D7A5A429561C1BE4 /* Pods_DesafioListaDeEventosTests.framework */ = {isa = PBXFileReference; explicitFileType = wrapper.framework; includeInIndex = 0; path = Pods_DesafioListaDeEventosTests.framework; sourceTree = BUILT_PRODUCTS_DIR; };
		AD21C7100C49429725C81E42 /* Pods-DesafioListaDeEventosUITests.release.xcconfig */ = {isa = PBXFileReference; includeInIndex = 1; lastKnownFileType = text.xcconfig; name = "Pods-DesafioListaDeEventosUITests.release.xcconfig"; path = "Pods/Target Support Files/Pods-DesafioListaDeEventosUITests/Pods-DesafioListaDeEventosUITests.release.xcconfig"; sourceTree = "<group>"; };
		EFF20DCCB0638D9076B15A87 /* Pods-DesafioListaDeEventosUITests.debug.xcconfig */ = {isa = PBXFileReference; includeInIndex = 1; lastKnownFileType = text.xcconfig; name = "Pods-DesafioListaDeEventosUITests.debug.xcconfig"; path = "Pods/Target Support Files/Pods-DesafioListaDeEventosUITests/Pods-DesafioListaDeEventosUITests.debug.xcconfig"; sourceTree = "<group>"; };
		F386222BC462A6FB57D96CC1 /* Pods-DesafioListaDeEventos.release.xcconfig */ = {isa = PBXFileReference; includeInIndex = 1; lastKnownFileType = text.xcconfig; name = "Pods-DesafioListaDeEventos.release.xcconfig"; path = "Pods/Target Support Files/Pods-DesafioListaDeEventos/Pods-DesafioListaDeEventos.release.xcconfig"; sourceTree = "<group>"; };
/* End PBXFileReference section */

/* Begin PBXFrameworksBuildPhase section */
		42D9AE2C219A0F0700BC3946 /* Frameworks */ = {
			isa = PBXFrameworksBuildPhase;
			buildActionMask = 2147483647;
			files = (
				F759F682B82D6E3ABA5FC7B5 /* Pods_DesafioListaDeEventos.framework in Frameworks */,
			);
			runOnlyForDeploymentPostprocessing = 0;
		};
		42D9AE40219A0F0800BC3946 /* Frameworks */ = {
			isa = PBXFrameworksBuildPhase;
			buildActionMask = 2147483647;
			files = (
				5A63074708CDA2316EA9A599 /* Pods_DesafioListaDeEventosTests.framework in Frameworks */,
			);
			runOnlyForDeploymentPostprocessing = 0;
		};
		42D9AE4B219A0F0800BC3946 /* Frameworks */ = {
			isa = PBXFrameworksBuildPhase;
			buildActionMask = 2147483647;
			files = (
				B43D37641D42769F528E1956 /* Pods_DesafioListaDeEventosUITests.framework in Frameworks */,
			);
			runOnlyForDeploymentPostprocessing = 0;
		};
/* End PBXFrameworksBuildPhase section */

/* Begin PBXGroup section */
		425A5C3F219AE31E0071D094 /* View */ = {
			isa = PBXGroup;
			children = (
				425A5C3B219AE2D00071D094 /* EventListViewController.swift */,
				425A5C3C219AE2D00071D094 /* EventListViewController.xib */,
				425A5C4F219AE9AF0071D094 /* EventTableViewCell.swift */,
				425A5C50219AE9AF0071D094 /* EventTableViewCell.xib */,
				425A5C53219B09360071D094 /* EventDetailViewController.swift */,
				425A5C54219B09360071D094 /* EventDetailViewController.xib */,
			);
			path = View;
			sourceTree = "<group>";
		};
		425A5C40219AE3270071D094 /* Model */ = {
			isa = PBXGroup;
			children = (
				42D71E63219A1F8A00228E7F /* Event.swift */,
			);
			path = Model;
			sourceTree = "<group>";
		};
		425A5C41219AE32D0071D094 /* Service */ = {
			isa = PBXGroup;
			children = (
				42D71E61219A190A00228E7F /* APIService.swift */,
			);
			path = Service;
			sourceTree = "<group>";
		};
		425A5C44219AE34A0071D094 /* ViewModel */ = {
			isa = PBXGroup;
			children = (
				425A5C42219AE33F0071D094 /* EventListViewModel.swift */,
				425A5C4D219AE9320071D094 /* EventCellViewModel.swift */,
				425A5C57219B0D930071D094 /* EventDetailViewModel.swift */,
			);
			path = ViewModel;
			sourceTree = "<group>";
		};
		425A5C47219AE6C20071D094 /* SupportingFiles */ = {
			isa = PBXGroup;
			children = (
				425A5C45219AE68B0071D094 /* Result.swift */,
				425A5C48219AE7030071D094 /* Reusable.swift */,
			);
			name = SupportingFiles;
			sourceTree = "<group>";
		};
		425A5C4C219AE72E0071D094 /* Extension */ = {
			isa = PBXGroup;
			children = (
				425A5C4A219AE72B0071D094 /* UITableView.swift */,
			);
			path = Extension;
			sourceTree = "<group>";
		};
		42D9AE26219A0F0700BC3946 = {
			isa = PBXGroup;
			children = (
				42D9AE31219A0F0700BC3946 /* DesafioListaDeEventos */,
				425A5C47219AE6C20071D094 /* SupportingFiles */,
				42D9AE46219A0F0800BC3946 /* DesafioListaDeEventosTests */,
				42D9AE51219A0F0800BC3946 /* DesafioListaDeEventosUITests */,
				42D9AE30219A0F0700BC3946 /* Products */,
				495E7D038742F1EA05F846E7 /* Pods */,
				D9F424BA934A3B0EC62A5A3D /* Frameworks */,
			);
			sourceTree = "<group>";
		};
		42D9AE30219A0F0700BC3946 /* Products */ = {
			isa = PBXGroup;
			children = (
				42D9AE2F219A0F0700BC3946 /* DesafioListaDeEventos.app */,
				42D9AE43219A0F0800BC3946 /* DesafioListaDeEventosTests.xctest */,
				42D9AE4E219A0F0800BC3946 /* DesafioListaDeEventosUITests.xctest */,
			);
			name = Products;
			sourceTree = "<group>";
		};
		42D9AE31219A0F0700BC3946 /* DesafioListaDeEventos */ = {
			isa = PBXGroup;
			children = (
				42D9AE32219A0F0700BC3946 /* AppDelegate.swift */,
				42D9AE39219A0F0800BC3946 /* Assets.xcassets */,
				42D9AE3B219A0F0800BC3946 /* LaunchScreen.storyboard */,
				42D9AE3E219A0F0800BC3946 /* Info.plist */,
				425A5C41219AE32D0071D094 /* Service */,
				425A5C40219AE3270071D094 /* Model */,
				425A5C44219AE34A0071D094 /* ViewModel */,
				425A5C3F219AE31E0071D094 /* View */,
				425A5C4C219AE72E0071D094 /* Extension */,
			);
			path = DesafioListaDeEventos;
			sourceTree = "<group>";
		};
		42D9AE46219A0F0800BC3946 /* DesafioListaDeEventosTests */ = {
			isa = PBXGroup;
			children = (
				42D9AE47219A0F0800BC3946 /* DesafioListaDeEventosTests.swift */,
				42D9AE49219A0F0800BC3946 /* Info.plist */,
			);
			path = DesafioListaDeEventosTests;
			sourceTree = "<group>";
		};
		42D9AE51219A0F0800BC3946 /* DesafioListaDeEventosUITests */ = {
			isa = PBXGroup;
			children = (
				42D9AE52219A0F0800BC3946 /* DesafioListaDeEventosUITests.swift */,
				42D9AE54219A0F0800BC3946 /* Info.plist */,
			);
			path = DesafioListaDeEventosUITests;
			sourceTree = "<group>";
		};
		495E7D038742F1EA05F846E7 /* Pods */ = {
			isa = PBXGroup;
			children = (
				65879CD18D1694884FB76905 /* Pods-DesafioListaDeEventos.debug.xcconfig */,
				F386222BC462A6FB57D96CC1 /* Pods-DesafioListaDeEventos.release.xcconfig */,
				3C31D238DF16AB5E64D8B4C7 /* Pods-DesafioListaDeEventosTests.debug.xcconfig */,
				63566CE15E2D6D151CE798FB /* Pods-DesafioListaDeEventosTests.release.xcconfig */,
				EFF20DCCB0638D9076B15A87 /* Pods-DesafioListaDeEventosUITests.debug.xcconfig */,
				AD21C7100C49429725C81E42 /* Pods-DesafioListaDeEventosUITests.release.xcconfig */,
			);
			name = Pods;
			sourceTree = "<group>";
		};
		D9F424BA934A3B0EC62A5A3D /* Frameworks */ = {
			isa = PBXGroup;
			children = (
				20BDEFC0395B772E81F85163 /* Pods_DesafioListaDeEventos.framework */,
				88DD9978D7A5A429561C1BE4 /* Pods_DesafioListaDeEventosTests.framework */,
				7F8B10326BF54838EEFD9763 /* Pods_DesafioListaDeEventosUITests.framework */,
			);
			name = Frameworks;
			sourceTree = "<group>";
		};
/* End PBXGroup section */

/* Begin PBXNativeTarget section */
		42D9AE2E219A0F0700BC3946 /* DesafioListaDeEventos */ = {
			isa = PBXNativeTarget;
			buildConfigurationList = 42D9AE57219A0F0800BC3946 /* Build configuration list for PBXNativeTarget "DesafioListaDeEventos" */;
			buildPhases = (
				68CC5CD3581E63FA2D03B9A4 /* [CP] Check Pods Manifest.lock */,
				42D9AE2B219A0F0700BC3946 /* Sources */,
				42D9AE2C219A0F0700BC3946 /* Frameworks */,
				42D9AE2D219A0F0700BC3946 /* Resources */,
				62A71159BE1E5FE58C2A857F /* [CP] Embed Pods Frameworks */,
			);
			buildRules = (
			);
			dependencies = (
			);
			name = DesafioListaDeEventos;
			productName = DesafioListaDeEventos;
			productReference = 42D9AE2F219A0F0700BC3946 /* DesafioListaDeEventos.app */;
			productType = "com.apple.product-type.application";
		};
		42D9AE42219A0F0800BC3946 /* DesafioListaDeEventosTests */ = {
			isa = PBXNativeTarget;
			buildConfigurationList = 42D9AE5A219A0F0800BC3946 /* Build configuration list for PBXNativeTarget "DesafioListaDeEventosTests" */;
			buildPhases = (
				B2AB1333C9C0BD0537E85435 /* [CP] Check Pods Manifest.lock */,
				42D9AE3F219A0F0800BC3946 /* Sources */,
				42D9AE40219A0F0800BC3946 /* Frameworks */,
				42D9AE41219A0F0800BC3946 /* Resources */,
			);
			buildRules = (
			);
			dependencies = (
				42D9AE45219A0F0800BC3946 /* PBXTargetDependency */,
			);
			name = DesafioListaDeEventosTests;
			productName = DesafioListaDeEventosTests;
			productReference = 42D9AE43219A0F0800BC3946 /* DesafioListaDeEventosTests.xctest */;
			productType = "com.apple.product-type.bundle.unit-test";
		};
		42D9AE4D219A0F0800BC3946 /* DesafioListaDeEventosUITests */ = {
			isa = PBXNativeTarget;
			buildConfigurationList = 42D9AE5D219A0F0800BC3946 /* Build configuration list for PBXNativeTarget "DesafioListaDeEventosUITests" */;
			buildPhases = (
				620350B05E5A3AAF98A8ABF8 /* [CP] Check Pods Manifest.lock */,
				42D9AE4A219A0F0800BC3946 /* Sources */,
				42D9AE4B219A0F0800BC3946 /* Frameworks */,
				42D9AE4C219A0F0800BC3946 /* Resources */,
			);
			buildRules = (
			);
			dependencies = (
				42D9AE50219A0F0800BC3946 /* PBXTargetDependency */,
			);
			name = DesafioListaDeEventosUITests;
			productName = DesafioListaDeEventosUITests;
			productReference = 42D9AE4E219A0F0800BC3946 /* DesafioListaDeEventosUITests.xctest */;
			productType = "com.apple.product-type.bundle.ui-testing";
		};
/* End PBXNativeTarget section */

/* Begin PBXProject section */
		42D9AE27219A0F0700BC3946 /* Project object */ = {
			isa = PBXProject;
			attributes = {
				LastSwiftUpdateCheck = 1010;
				LastUpgradeCheck = 1010;
				ORGANIZATIONNAME = "Bruno Fontenele Scheltzke";
				TargetAttributes = {
					42D9AE2E219A0F0700BC3946 = {
						CreatedOnToolsVersion = 10.1;
					};
					42D9AE42219A0F0800BC3946 = {
						CreatedOnToolsVersion = 10.1;
						TestTargetID = 42D9AE2E219A0F0700BC3946;
					};
					42D9AE4D219A0F0800BC3946 = {
						CreatedOnToolsVersion = 10.1;
						TestTargetID = 42D9AE2E219A0F0700BC3946;
					};
				};
			};
			buildConfigurationList = 42D9AE2A219A0F0700BC3946 /* Build configuration list for PBXProject "DesafioListaDeEventos" */;
			compatibilityVersion = "Xcode 9.3";
			developmentRegion = en;
			hasScannedForEncodings = 0;
			knownRegions = (
				en,
				Base,
			);
			mainGroup = 42D9AE26219A0F0700BC3946;
			productRefGroup = 42D9AE30219A0F0700BC3946 /* Products */;
			projectDirPath = "";
			projectRoot = "";
			targets = (
				42D9AE2E219A0F0700BC3946 /* DesafioListaDeEventos */,
				42D9AE42219A0F0800BC3946 /* DesafioListaDeEventosTests */,
				42D9AE4D219A0F0800BC3946 /* DesafioListaDeEventosUITests */,
			);
		};
/* End PBXProject section */

/* Begin PBXResourcesBuildPhase section */
		42D9AE2D219A0F0700BC3946 /* Resources */ = {
			isa = PBXResourcesBuildPhase;
			buildActionMask = 2147483647;
			files = (
				425A5C56219B09360071D094 /* EventDetailViewController.xib in Resources */,
				425A5C52219AE9AF0071D094 /* EventTableViewCell.xib in Resources */,
				425A5C3E219AE2D00071D094 /* EventListViewController.xib in Resources */,
				42D9AE3D219A0F0800BC3946 /* LaunchScreen.storyboard in Resources */,
				42D9AE3A219A0F0800BC3946 /* Assets.xcassets in Resources */,
			);
			runOnlyForDeploymentPostprocessing = 0;
		};
		42D9AE41219A0F0800BC3946 /* Resources */ = {
			isa = PBXResourcesBuildPhase;
			buildActionMask = 2147483647;
			files = (
			);
			runOnlyForDeploymentPostprocessing = 0;
		};
		42D9AE4C219A0F0800BC3946 /* Resources */ = {
			isa = PBXResourcesBuildPhase;
			buildActionMask = 2147483647;
			files = (
			);
			runOnlyForDeploymentPostprocessing = 0;
		};
/* End PBXResourcesBuildPhase section */

/* Begin PBXShellScriptBuildPhase section */
		620350B05E5A3AAF98A8ABF8 /* [CP] Check Pods Manifest.lock */ = {
			isa = PBXShellScriptBuildPhase;
			buildActionMask = 2147483647;
			files = (
			);
			inputFileListPaths = (
			);
			inputPaths = (
				"${PODS_PODFILE_DIR_PATH}/Podfile.lock",
				"${PODS_ROOT}/Manifest.lock",
			);
			name = "[CP] Check Pods Manifest.lock";
			outputFileListPaths = (
			);
			outputPaths = (
				"$(DERIVED_FILE_DIR)/Pods-DesafioListaDeEventosUITests-checkManifestLockResult.txt",
			);
			runOnlyForDeploymentPostprocessing = 0;
			shellPath = /bin/sh;
			shellScript = "diff \"${PODS_PODFILE_DIR_PATH}/Podfile.lock\" \"${PODS_ROOT}/Manifest.lock\" > /dev/null\nif [ $? != 0 ] ; then\n    # print error to STDERR\n    echo \"error: The sandbox is not in sync with the Podfile.lock. Run 'pod install' or update your CocoaPods installation.\" >&2\n    exit 1\nfi\n# This output is used by Xcode 'outputs' to avoid re-running this script phase.\necho \"SUCCESS\" > \"${SCRIPT_OUTPUT_FILE_0}\"\n";
			showEnvVarsInLog = 0;
		};
		62A71159BE1E5FE58C2A857F /* [CP] Embed Pods Frameworks */ = {
			isa = PBXShellScriptBuildPhase;
			buildActionMask = 2147483647;
			files = (
			);
			inputFileListPaths = (
			);
			inputPaths = (
				"${SRCROOT}/Pods/Target Support Files/Pods-DesafioListaDeEventos/Pods-DesafioListaDeEventos-frameworks.sh",
				"${BUILT_PRODUCTS_DIR}/Alamofire/Alamofire.framework",
				"${BUILT_PRODUCTS_DIR}/Differentiator/Differentiator.framework",
				"${BUILT_PRODUCTS_DIR}/RxAlamofire/RxAlamofire.framework",
				"${BUILT_PRODUCTS_DIR}/RxAtomic/RxAtomic.framework",
				"${BUILT_PRODUCTS_DIR}/RxCocoa/RxCocoa.framework",
				"${BUILT_PRODUCTS_DIR}/RxDataSources/RxDataSources.framework",
				"${BUILT_PRODUCTS_DIR}/RxSwift/RxSwift.framework",
			);
			name = "[CP] Embed Pods Frameworks";
			outputFileListPaths = (
			);
			outputPaths = (
				"${TARGET_BUILD_DIR}/${FRAMEWORKS_FOLDER_PATH}/Alamofire.framework",
				"${TARGET_BUILD_DIR}/${FRAMEWORKS_FOLDER_PATH}/Differentiator.framework",
				"${TARGET_BUILD_DIR}/${FRAMEWORKS_FOLDER_PATH}/RxAlamofire.framework",
				"${TARGET_BUILD_DIR}/${FRAMEWORKS_FOLDER_PATH}/RxAtomic.framework",
				"${TARGET_BUILD_DIR}/${FRAMEWORKS_FOLDER_PATH}/RxCocoa.framework",
				"${TARGET_BUILD_DIR}/${FRAMEWORKS_FOLDER_PATH}/RxDataSources.framework",
				"${TARGET_BUILD_DIR}/${FRAMEWORKS_FOLDER_PATH}/RxSwift.framework",
			);
			runOnlyForDeploymentPostprocessing = 0;
			shellPath = /bin/sh;
			shellScript = "\"${SRCROOT}/Pods/Target Support Files/Pods-DesafioListaDeEventos/Pods-DesafioListaDeEventos-frameworks.sh\"\n";
			showEnvVarsInLog = 0;
		};
		68CC5CD3581E63FA2D03B9A4 /* [CP] Check Pods Manifest.lock */ = {
			isa = PBXShellScriptBuildPhase;
			buildActionMask = 2147483647;
			files = (
			);
			inputFileListPaths = (
			);
			inputPaths = (
				"${PODS_PODFILE_DIR_PATH}/Podfile.lock",
				"${PODS_ROOT}/Manifest.lock",
			);
			name = "[CP] Check Pods Manifest.lock";
			outputFileListPaths = (
			);
			outputPaths = (
				"$(DERIVED_FILE_DIR)/Pods-DesafioListaDeEventos-checkManifestLockResult.txt",
			);
			runOnlyForDeploymentPostprocessing = 0;
			shellPath = /bin/sh;
			shellScript = "diff \"${PODS_PODFILE_DIR_PATH}/Podfile.lock\" \"${PODS_ROOT}/Manifest.lock\" > /dev/null\nif [ $? != 0 ] ; then\n    # print error to STDERR\n    echo \"error: The sandbox is not in sync with the Podfile.lock. Run 'pod install' or update your CocoaPods installation.\" >&2\n    exit 1\nfi\n# This output is used by Xcode 'outputs' to avoid re-running this script phase.\necho \"SUCCESS\" > \"${SCRIPT_OUTPUT_FILE_0}\"\n";
			showEnvVarsInLog = 0;
		};
		B2AB1333C9C0BD0537E85435 /* [CP] Check Pods Manifest.lock */ = {
			isa = PBXShellScriptBuildPhase;
			buildActionMask = 2147483647;
			files = (
			);
			inputFileListPaths = (
			);
			inputPaths = (
				"${PODS_PODFILE_DIR_PATH}/Podfile.lock",
				"${PODS_ROOT}/Manifest.lock",
			);
			name = "[CP] Check Pods Manifest.lock";
			outputFileListPaths = (
			);
			outputPaths = (
				"$(DERIVED_FILE_DIR)/Pods-DesafioListaDeEventosTests-checkManifestLockResult.txt",
			);
			runOnlyForDeploymentPostprocessing = 0;
			shellPath = /bin/sh;
			shellScript = "diff \"${PODS_PODFILE_DIR_PATH}/Podfile.lock\" \"${PODS_ROOT}/Manifest.lock\" > /dev/null\nif [ $? != 0 ] ; then\n    # print error to STDERR\n    echo \"error: The sandbox is not in sync with the Podfile.lock. Run 'pod install' or update your CocoaPods installation.\" >&2\n    exit 1\nfi\n# This output is used by Xcode 'outputs' to avoid re-running this script phase.\necho \"SUCCESS\" > \"${SCRIPT_OUTPUT_FILE_0}\"\n";
			showEnvVarsInLog = 0;
		};
/* End PBXShellScriptBuildPhase section */

/* Begin PBXSourcesBuildPhase section */
		42D9AE2B219A0F0700BC3946 /* Sources */ = {
			isa = PBXSourcesBuildPhase;
			buildActionMask = 2147483647;
			files = (
				425A5C46219AE68B0071D094 /* Result.swift in Sources */,
				42D71E64219A1F8A00228E7F /* Event.swift in Sources */,
				425A5C58219B0D930071D094 /* EventDetailViewModel.swift in Sources */,
				425A5C3D219AE2D00071D094 /* EventListViewController.swift in Sources */,
				425A5C43219AE33F0071D094 /* EventListViewModel.swift in Sources */,
				425A5C4E219AE9320071D094 /* EventCellViewModel.swift in Sources */,
				42D71E62219A190A00228E7F /* APIService.swift in Sources */,
				425A5C4B219AE72B0071D094 /* UITableView.swift in Sources */,
				42D9AE33219A0F0700BC3946 /* AppDelegate.swift in Sources */,
				425A5C51219AE9AF0071D094 /* EventTableViewCell.swift in Sources */,
				425A5C55219B09360071D094 /* EventDetailViewController.swift in Sources */,
				425A5C49219AE7030071D094 /* Reusable.swift in Sources */,
			);
			runOnlyForDeploymentPostprocessing = 0;
		};
		42D9AE3F219A0F0800BC3946 /* Sources */ = {
			isa = PBXSourcesBuildPhase;
			buildActionMask = 2147483647;
			files = (
				42D9AE48219A0F0800BC3946 /* DesafioListaDeEventosTests.swift in Sources */,
			);
			runOnlyForDeploymentPostprocessing = 0;
		};
		42D9AE4A219A0F0800BC3946 /* Sources */ = {
			isa = PBXSourcesBuildPhase;
			buildActionMask = 2147483647;
			files = (
				42D9AE53219A0F0800BC3946 /* DesafioListaDeEventosUITests.swift in Sources */,
			);
			runOnlyForDeploymentPostprocessing = 0;
		};
/* End PBXSourcesBuildPhase section */

/* Begin PBXTargetDependency section */
		42D9AE45219A0F0800BC3946 /* PBXTargetDependency */ = {
			isa = PBXTargetDependency;
			target = 42D9AE2E219A0F0700BC3946 /* DesafioListaDeEventos */;
			targetProxy = 42D9AE44219A0F0800BC3946 /* PBXContainerItemProxy */;
		};
		42D9AE50219A0F0800BC3946 /* PBXTargetDependency */ = {
			isa = PBXTargetDependency;
			target = 42D9AE2E219A0F0700BC3946 /* DesafioListaDeEventos */;
			targetProxy = 42D9AE4F219A0F0800BC3946 /* PBXContainerItemProxy */;
		};
/* End PBXTargetDependency section */

/* Begin PBXVariantGroup section */
		42D9AE3B219A0F0800BC3946 /* LaunchScreen.storyboard */ = {
			isa = PBXVariantGroup;
			children = (
				42D9AE3C219A0F0800BC3946 /* Base */,
			);
			name = LaunchScreen.storyboard;
			sourceTree = "<group>";
		};
/* End PBXVariantGroup section */

/* Begin XCBuildConfiguration section */
		42D9AE55219A0F0800BC3946 /* Debug */ = {
			isa = XCBuildConfiguration;
			buildSettings = {
				ALWAYS_SEARCH_USER_PATHS = NO;
				CLANG_ANALYZER_NONNULL = YES;
				CLANG_ANALYZER_NUMBER_OBJECT_CONVERSION = YES_AGGRESSIVE;
				CLANG_CXX_LANGUAGE_STANDARD = "gnu++14";
				CLANG_CXX_LIBRARY = "libc++";
				CLANG_ENABLE_MODULES = YES;
				CLANG_ENABLE_OBJC_ARC = YES;
				CLANG_ENABLE_OBJC_WEAK = YES;
				CLANG_WARN_BLOCK_CAPTURE_AUTORELEASING = YES;
				CLANG_WARN_BOOL_CONVERSION = YES;
				CLANG_WARN_COMMA = YES;
				CLANG_WARN_CONSTANT_CONVERSION = YES;
				CLANG_WARN_DEPRECATED_OBJC_IMPLEMENTATIONS = YES;
				CLANG_WARN_DIRECT_OBJC_ISA_USAGE = YES_ERROR;
				CLANG_WARN_DOCUMENTATION_COMMENTS = YES;
				CLANG_WARN_EMPTY_BODY = YES;
				CLANG_WARN_ENUM_CONVERSION = YES;
				CLANG_WARN_INFINITE_RECURSION = YES;
				CLANG_WARN_INT_CONVERSION = YES;
				CLANG_WARN_NON_LITERAL_NULL_CONVERSION = YES;
				CLANG_WARN_OBJC_IMPLICIT_RETAIN_SELF = YES;
				CLANG_WARN_OBJC_LITERAL_CONVERSION = YES;
				CLANG_WARN_OBJC_ROOT_CLASS = YES_ERROR;
				CLANG_WARN_RANGE_LOOP_ANALYSIS = YES;
				CLANG_WARN_STRICT_PROTOTYPES = YES;
				CLANG_WARN_SUSPICIOUS_MOVE = YES;
				CLANG_WARN_UNGUARDED_AVAILABILITY = YES_AGGRESSIVE;
				CLANG_WARN_UNREACHABLE_CODE = YES;
				CLANG_WARN__DUPLICATE_METHOD_MATCH = YES;
				CODE_SIGN_IDENTITY = "iPhone Developer";
				COPY_PHASE_STRIP = NO;
				DEBUG_INFORMATION_FORMAT = dwarf;
				ENABLE_STRICT_OBJC_MSGSEND = YES;
				ENABLE_TESTABILITY = YES;
				GCC_C_LANGUAGE_STANDARD = gnu11;
				GCC_DYNAMIC_NO_PIC = NO;
				GCC_NO_COMMON_BLOCKS = YES;
				GCC_OPTIMIZATION_LEVEL = 0;
				GCC_PREPROCESSOR_DEFINITIONS = (
					"DEBUG=1",
					"$(inherited)",
				);
				GCC_WARN_64_TO_32_BIT_CONVERSION = YES;
				GCC_WARN_ABOUT_RETURN_TYPE = YES_ERROR;
				GCC_WARN_UNDECLARED_SELECTOR = YES;
				GCC_WARN_UNINITIALIZED_AUTOS = YES_AGGRESSIVE;
				GCC_WARN_UNUSED_FUNCTION = YES;
				GCC_WARN_UNUSED_VARIABLE = YES;
				IPHONEOS_DEPLOYMENT_TARGET = 12.1;
				MTL_ENABLE_DEBUG_INFO = INCLUDE_SOURCE;
				MTL_FAST_MATH = YES;
				ONLY_ACTIVE_ARCH = YES;
				SDKROOT = iphoneos;
				SWIFT_ACTIVE_COMPILATION_CONDITIONS = DEBUG;
				SWIFT_OPTIMIZATION_LEVEL = "-Onone";
			};
			name = Debug;
		};
		42D9AE56219A0F0800BC3946 /* Release */ = {
			isa = XCBuildConfiguration;
			buildSettings = {
				ALWAYS_SEARCH_USER_PATHS = NO;
				CLANG_ANALYZER_NONNULL = YES;
				CLANG_ANALYZER_NUMBER_OBJECT_CONVERSION = YES_AGGRESSIVE;
				CLANG_CXX_LANGUAGE_STANDARD = "gnu++14";
				CLANG_CXX_LIBRARY = "libc++";
				CLANG_ENABLE_MODULES = YES;
				CLANG_ENABLE_OBJC_ARC = YES;
				CLANG_ENABLE_OBJC_WEAK = YES;
				CLANG_WARN_BLOCK_CAPTURE_AUTORELEASING = YES;
				CLANG_WARN_BOOL_CONVERSION = YES;
				CLANG_WARN_COMMA = YES;
				CLANG_WARN_CONSTANT_CONVERSION = YES;
				CLANG_WARN_DEPRECATED_OBJC_IMPLEMENTATIONS = YES;
				CLANG_WARN_DIRECT_OBJC_ISA_USAGE = YES_ERROR;
				CLANG_WARN_DOCUMENTATION_COMMENTS = YES;
				CLANG_WARN_EMPTY_BODY = YES;
				CLANG_WARN_ENUM_CONVERSION = YES;
				CLANG_WARN_INFINITE_RECURSION = YES;
				CLANG_WARN_INT_CONVERSION = YES;
				CLANG_WARN_NON_LITERAL_NULL_CONVERSION = YES;
				CLANG_WARN_OBJC_IMPLICIT_RETAIN_SELF = YES;
				CLANG_WARN_OBJC_LITERAL_CONVERSION = YES;
				CLANG_WARN_OBJC_ROOT_CLASS = YES_ERROR;
				CLANG_WARN_RANGE_LOOP_ANALYSIS = YES;
				CLANG_WARN_STRICT_PROTOTYPES = YES;
				CLANG_WARN_SUSPICIOUS_MOVE = YES;
				CLANG_WARN_UNGUARDED_AVAILABILITY = YES_AGGRESSIVE;
				CLANG_WARN_UNREACHABLE_CODE = YES;
				CLANG_WARN__DUPLICATE_METHOD_MATCH = YES;
				CODE_SIGN_IDENTITY = "iPhone Developer";
				COPY_PHASE_STRIP = NO;
				DEBUG_INFORMATION_FORMAT = "dwarf-with-dsym";
				ENABLE_NS_ASSERTIONS = NO;
				ENABLE_STRICT_OBJC_MSGSEND = YES;
				GCC_C_LANGUAGE_STANDARD = gnu11;
				GCC_NO_COMMON_BLOCKS = YES;
				GCC_WARN_64_TO_32_BIT_CONVERSION = YES;
				GCC_WARN_ABOUT_RETURN_TYPE = YES_ERROR;
				GCC_WARN_UNDECLARED_SELECTOR = YES;
				GCC_WARN_UNINITIALIZED_AUTOS = YES_AGGRESSIVE;
				GCC_WARN_UNUSED_FUNCTION = YES;
				GCC_WARN_UNUSED_VARIABLE = YES;
				IPHONEOS_DEPLOYMENT_TARGET = 12.1;
				MTL_ENABLE_DEBUG_INFO = NO;
				MTL_FAST_MATH = YES;
				SDKROOT = iphoneos;
				SWIFT_COMPILATION_MODE = wholemodule;
				SWIFT_OPTIMIZATION_LEVEL = "-O";
				VALIDATE_PRODUCT = YES;
			};
			name = Release;
		};
		42D9AE58219A0F0800BC3946 /* Debug */ = {
			isa = XCBuildConfiguration;
			baseConfigurationReference = 65879CD18D1694884FB76905 /* Pods-DesafioListaDeEventos.debug.xcconfig */;
			buildSettings = {
				ASSETCATALOG_COMPILER_APPICON_NAME = AppIcon;
				CODE_SIGN_STYLE = Automatic;
				DEVELOPMENT_TEAM = M3PUPH2NBH;
				INFOPLIST_FILE = DesafioListaDeEventos/Info.plist;
				LD_RUNPATH_SEARCH_PATHS = (
					"$(inherited)",
					"@executable_path/Frameworks",
				);
				PRODUCT_BUNDLE_IDENTIFIER = Scheltzke.DesafioListaDeEventos;
				PRODUCT_NAME = "$(TARGET_NAME)";
				SWIFT_VERSION = 4.2;
				TARGETED_DEVICE_FAMILY = "1,2";
			};
			name = Debug;
		};
		42D9AE59219A0F0800BC3946 /* Release */ = {
			isa = XCBuildConfiguration;
			baseConfigurationReference = F386222BC462A6FB57D96CC1 /* Pods-DesafioListaDeEventos.release.xcconfig */;
			buildSettings = {
				ASSETCATALOG_COMPILER_APPICON_NAME = AppIcon;
				CODE_SIGN_STYLE = Automatic;
				DEVELOPMENT_TEAM = M3PUPH2NBH;
				INFOPLIST_FILE = DesafioListaDeEventos/Info.plist;
				LD_RUNPATH_SEARCH_PATHS = (
					"$(inherited)",
					"@executable_path/Frameworks",
				);
				PRODUCT_BUNDLE_IDENTIFIER = Scheltzke.DesafioListaDeEventos;
				PRODUCT_NAME = "$(TARGET_NAME)";
				SWIFT_VERSION = 4.2;
				TARGETED_DEVICE_FAMILY = "1,2";
			};
			name = Release;
		};
		42D9AE5B219A0F0800BC3946 /* Debug */ = {
			isa = XCBuildConfiguration;
			baseConfigurationReference = 3C31D238DF16AB5E64D8B4C7 /* Pods-DesafioListaDeEventosTests.debug.xcconfig */;
			buildSettings = {
				ALWAYS_EMBED_SWIFT_STANDARD_LIBRARIES = YES;
				BUNDLE_LOADER = "$(TEST_HOST)";
				CODE_SIGN_STYLE = Automatic;
				DEVELOPMENT_TEAM = M3PUPH2NBH;
				INFOPLIST_FILE = DesafioListaDeEventosTests/Info.plist;
				LD_RUNPATH_SEARCH_PATHS = (
					"$(inherited)",
					"@executable_path/Frameworks",
					"@loader_path/Frameworks",
				);
				PRODUCT_BUNDLE_IDENTIFIER = Scheltzke.DesafioListaDeEventosTests;
				PRODUCT_NAME = "$(TARGET_NAME)";
				SWIFT_VERSION = 4.2;
				TARGETED_DEVICE_FAMILY = "1,2";
				TEST_HOST = "$(BUILT_PRODUCTS_DIR)/DesafioListaDeEventos.app/DesafioListaDeEventos";
			};
			name = Debug;
		};
		42D9AE5C219A0F0800BC3946 /* Release */ = {
			isa = XCBuildConfiguration;
			baseConfigurationReference = 63566CE15E2D6D151CE798FB /* Pods-DesafioListaDeEventosTests.release.xcconfig */;
			buildSettings = {
				ALWAYS_EMBED_SWIFT_STANDARD_LIBRARIES = YES;
				BUNDLE_LOADER = "$(TEST_HOST)";
				CODE_SIGN_STYLE = Automatic;
				DEVELOPMENT_TEAM = M3PUPH2NBH;
				INFOPLIST_FILE = DesafioListaDeEventosTests/Info.plist;
				LD_RUNPATH_SEARCH_PATHS = (
					"$(inherited)",
					"@executable_path/Frameworks",
					"@loader_path/Frameworks",
				);
				PRODUCT_BUNDLE_IDENTIFIER = Scheltzke.DesafioListaDeEventosTests;
				PRODUCT_NAME = "$(TARGET_NAME)";
				SWIFT_VERSION = 4.2;
				TARGETED_DEVICE_FAMILY = "1,2";
				TEST_HOST = "$(BUILT_PRODUCTS_DIR)/DesafioListaDeEventos.app/DesafioListaDeEventos";
			};
			name = Release;
		};
		42D9AE5E219A0F0800BC3946 /* Debug */ = {
			isa = XCBuildConfiguration;
			baseConfigurationReference = EFF20DCCB0638D9076B15A87 /* Pods-DesafioListaDeEventosUITests.debug.xcconfig */;
			buildSettings = {
				ALWAYS_EMBED_SWIFT_STANDARD_LIBRARIES = YES;
				CODE_SIGN_STYLE = Automatic;
				DEVELOPMENT_TEAM = M3PUPH2NBH;
				INFOPLIST_FILE = DesafioListaDeEventosUITests/Info.plist;
				LD_RUNPATH_SEARCH_PATHS = (
					"$(inherited)",
					"@executable_path/Frameworks",
					"@loader_path/Frameworks",
				);
				PRODUCT_BUNDLE_IDENTIFIER = Scheltzke.DesafioListaDeEventosUITests;
				PRODUCT_NAME = "$(TARGET_NAME)";
				SWIFT_VERSION = 4.2;
				TARGETED_DEVICE_FAMILY = "1,2";
				TEST_TARGET_NAME = DesafioListaDeEventos;
			};
			name = Debug;
		};
		42D9AE5F219A0F0800BC3946 /* Release */ = {
			isa = XCBuildConfiguration;
			baseConfigurationReference = AD21C7100C49429725C81E42 /* Pods-DesafioListaDeEventosUITests.release.xcconfig */;
			buildSettings = {
				ALWAYS_EMBED_SWIFT_STANDARD_LIBRARIES = YES;
				CODE_SIGN_STYLE = Automatic;
				DEVELOPMENT_TEAM = M3PUPH2NBH;
				INFOPLIST_FILE = DesafioListaDeEventosUITests/Info.plist;
				LD_RUNPATH_SEARCH_PATHS = (
					"$(inherited)",
					"@executable_path/Frameworks",
					"@loader_path/Frameworks",
				);
				PRODUCT_BUNDLE_IDENTIFIER = Scheltzke.DesafioListaDeEventosUITests;
				PRODUCT_NAME = "$(TARGET_NAME)";
				SWIFT_VERSION = 4.2;
				TARGETED_DEVICE_FAMILY = "1,2";
				TEST_TARGET_NAME = DesafioListaDeEventos;
			};
			name = Release;
		};
/* End XCBuildConfiguration section */

/* Begin XCConfigurationList section */
		42D9AE2A219A0F0700BC3946 /* Build configuration list for PBXProject "DesafioListaDeEventos" */ = {
			isa = XCConfigurationList;
			buildConfigurations = (
				42D9AE55219A0F0800BC3946 /* Debug */,
				42D9AE56219A0F0800BC3946 /* Release */,
			);
			defaultConfigurationIsVisible = 0;
			defaultConfigurationName = Release;
		};
		42D9AE57219A0F0800BC3946 /* Build configuration list for PBXNativeTarget "DesafioListaDeEventos" */ = {
			isa = XCConfigurationList;
			buildConfigurations = (
				42D9AE58219A0F0800BC3946 /* Debug */,
				42D9AE59219A0F0800BC3946 /* Release */,
			);
			defaultConfigurationIsVisible = 0;
			defaultConfigurationName = Release;
		};
		42D9AE5A219A0F0800BC3946 /* Build configuration list for PBXNativeTarget "DesafioListaDeEventosTests" */ = {
			isa = XCConfigurationList;
			buildConfigurations = (
				42D9AE5B219A0F0800BC3946 /* Debug */,
				42D9AE5C219A0F0800BC3946 /* Release */,
			);
			defaultConfigurationIsVisible = 0;
			defaultConfigurationName = Release;
		};
		42D9AE5D219A0F0800BC3946 /* Build configuration list for PBXNativeTarget "DesafioListaDeEventosUITests" */ = {
			isa = XCConfigurationList;
			buildConfigurations = (
				42D9AE5E219A0F0800BC3946 /* Debug */,
				42D9AE5F219A0F0800BC3946 /* Release */,
			);
			defaultConfigurationIsVisible = 0;
			defaultConfigurationName = Release;
		};
/* End XCConfigurationList section */
	};
	rootObject = 42D9AE27219A0F0700BC3946 /* Project object */;
}
